
Microsoft Visual Studio Solution File, Format Version 12.00
# Visual Studio Version 16
VisualStudioVersion = 16.0.30907.101
MinimumVisualStudioVersion = 10.0.40219.1
Project("{FAE04EC0-301F-11D3-BF4B-00C04F79EFBC}") = "WpfApp1", "WpfApp1.csproj", "{DA4BFC19-494C-4206-9A0D-2013D4CBB707}"
EndProject
Global
	GlobalSection(SolutionConfigurationPlatforms) = preSolution
		Debug|Any CPU = Debug|Any CPU
		Release|Any CPU = Release|Any CPU
	EndGlobalSection
	GlobalSection(ProjectConfigurationPlatforms) = postSolution
		{DA4BFC19-494C-4206-9A0D-2013D4CBB707}.Debug|Any CPU.ActiveCfg = Debug|Any CPU
		{DA4BFC19-494C-4206-9A0D-2013D4CBB707}.Debug|Any CPU.Build.0 = Debug|Any CPU
		{DA4BFC19-494C-4206-9A0D-2013D4CBB707}.Release|Any CPU.ActiveCfg = Release|Any CPU
		{DA4BFC19-494C-4206-9A0D-2013D4CBB707}.Release|Any CPU.Build.0 = Release|Any CPU
	EndGlobalSection
	GlobalSection(SolutionProperties) = preSolution
		HideSolutionNode = FALSE
	EndGlobalSection
	GlobalSection(ExtensibilityGlobals) = postSolution
		SolutionGuid = {165576BF-3473-450F-889E-F04B9BCA0EC6}
	EndGlobalSection
EndGlobal
